
Microsoft Visual Studio Solution File, Format Version 12.00
# Visual Studio 15
VisualStudioVersion = 15.0.28010.2048
MinimumVisualStudioVersion = 10.0.40219.1
Project("{FAE04EC0-301F-11D3-BF4B-00C04F79EFBC}") = "QuanLyPhongMach", "QuanLyPhongMach\QuanLyPhongMach.csproj", "{845EDF99-718F-4C0B-917C-EFF93F4B6E47}"
EndProject
Global
	GlobalSection(SolutionConfigurationPlatforms) = preSolution
		Debug|Any CPU = Debug|Any CPU
		Release|Any CPU = Release|Any CPU
	EndGlobalSection
	GlobalSection(ProjectConfigurationPlatforms) = postSolution
		{845EDF99-718F-4C0B-917C-EFF93F4B6E47}.Debug|Any CPU.ActiveCfg = Debug|Any CPU
		{845EDF99-718F-4C0B-917C-EFF93F4B6E47}.Debug|Any CPU.Build.0 = Debug|Any CPU
		{845EDF99-718F-4C0B-917C-EFF93F4B6E47}.Release|Any CPU.ActiveCfg = Release|Any CPU
		{845EDF99-718F-4C0B-917C-EFF93F4B6E47}.Release|Any CPU.Build.0 = Release|Any CPU
	EndGlobalSection
	GlobalSection(SolutionProperties) = preSolution
		HideSolutionNode = FALSE
	EndGlobalSection
	GlobalSection(ExtensibilityGlobals) = postSolution
		SolutionGuid = {7B34F345-D8F0-4414-840F-4FD3D833FD5F}
	EndGlobalSection
EndGlobal
